
Microsoft Visual Studio Solution File, Format Version 12.00
Project("{FAE04EC0-301F-11D3-BF4B-00C04F79EFBC}") = "RestTest", "RestTest.csproj", "{EDD5EB7E-2987-42FD-A8AF-905EFCC2DBB7}"
EndProject
Global
	GlobalSection(SolutionConfigurationPlatforms) = preSolution
		Debug|Any CPU = Debug|Any CPU
		Release|Any CPU = Release|Any CPU
	EndGlobalSection
	GlobalSection(ProjectConfigurationPlatforms) = postSolution
		{EDD5EB7E-2987-42FD-A8AF-905EFCC2DBB7}.Debug|Any CPU.ActiveCfg = Debug|Any CPU
		{EDD5EB7E-2987-42FD-A8AF-905EFCC2DBB7}.Debug|Any CPU.Build.0 = Debug|Any CPU
		{EDD5EB7E-2987-42FD-A8AF-905EFCC2DBB7}.Release|Any CPU.ActiveCfg = Release|Any CPU
		{EDD5EB7E-2987-42FD-A8AF-905EFCC2DBB7}.Release|Any CPU.Build.0 = Release|Any CPU
	EndGlobalSection
EndGlobal
